{
  "originHash" : "c83c4b30504755999e2d9906dd0eb0bc095e2da5e2f659a15b5e0c3e5f1898e5",
  "pins" : [
    {
      "identity" : "chromakit",
      "kind" : "remoteSourceControl",
      "location" : "https://github.com/256Arts/ChromaKit.git",
      "state" : {
        "revision" : "9ba9a5a4cc2f7c867c3b657bd58afa9c328ad0eb",
        "version" : "1.1.0"
      }
    },
    {
      "identity" : "palettekit",
      "kind" : "remoteSourceControl",
      "location" : "https://github.com/256Arts/PaletteKit",
      "state" : {
        "revision" : "1decbdb71e3a27cd383d43b72161330569f6dc7a",
        "version" : "1.1.1"
      }
    }
  ],
  "version" : 3
}
