{
  "originHash" : "c9898dbf0069b8da7f980f6b0fbc93f624c150839b94b48fb18dd65d3d0eb106",
  "pins" : [
    {
      "identity" : "chromakit",
      "kind" : "remoteSourceControl",
      "location" : "https://github.com/256Arts/ChromaKit.git",
      "state" : {
        "revision" : "3a767a0ded1081cc90c87c66907571c1c8d1fefe",
        "version" : "1.0.0"
      }
    }
  ],
  "version" : 3
}
