{
  "originHash" : "c9898dbf0069b8da7f980f6b0fbc93f624c150839b94b48fb18dd65d3d0eb106",
  "pins" : [
    {
      "identity" : "chromakit",
      "kind" : "remoteSourceControl",
      "location" : "https://github.com/256Arts/ChromaKit.git",
      "state" : {
        "revision" : "6edb5e7f6b5466931ca96c124f3b340cddfc7c7a",
        "version" : "1.0.1"
      }
    }
  ],
  "version" : 3
}
