// !$*UTF8*$!
{
	archiveVersion = 1;
	classes = {
	};
	objectVersion = 77;
	objects = {

/* Begin PBXBuildFile section */
		1B4230FB2C89558A001FD549 /* ChromaKit in Frameworks */ = {isa = PBXBuildFile; productRef = 1B4230FA2C89558A001FD549 /* ChromaKit */; };
		1B42310A2C89F315001FD549 /* DisplayView.swift in Sources */ = {isa = PBXBuildFile; fileRef = 1B4231092C89F30C001FD549 /* DisplayView.swift */; };
		1B42310E2C8BAE3B001FD549 /* HelpView.swift in Sources */ = {isa = PBXBuildFile; fileRef = 1B42310D2C8BAE38001FD549 /* HelpView.swift */; };
		351A163028AA86900047AA76 /* Palette3DApp.swift in Sources */ = {isa = PBXBuildFile; fileRef = 351A162028AA868F0047AA76 /* Palette3DApp.swift */; };
		351A163228AA86900047AA76 /* ParametersView.swift in Sources */ = {isa = PBXBuildFile; fileRef = 351A162128AA868F0047AA76 /* ParametersView.swift */; };
		351A163428AA86900047AA76 /* Assets.xcassets in Resources */ = {isa = PBXBuildFile; fileRef = 351A162228AA86900047AA76 /* Assets.xcassets */; };
		351A163F28AA86D60047AA76 /* PaletteColor.swift in Sources */ = {isa = PBXBuildFile; fileRef = 351A163E28AA86D60047AA76 /* PaletteColor.swift */; };
		351A164928AB2A890047AA76 /* PaletteGenerator.swift in Sources */ = {isa = PBXBuildFile; fileRef = 351A164828AB2A890047AA76 /* PaletteGenerator.swift */; };
/* End PBXBuildFile section */

/* Begin PBXContainerItemProxy section */
		1B4231042C896DAD001FD549 /* PBXContainerItemProxy */ = {
			isa = PBXContainerItemProxy;
			containerPortal = 351A161B28AA868F0047AA76 /* Project object */;
			proxyType = 1;
			remoteGlobalIDString = 351A162628AA86900047AA76;
			remoteInfo = Palette;
		};
/* End PBXContainerItemProxy section */

/* Begin PBXFileReference section */
		1B4231002C896DAD001FD549 /* Palette 3DTests.xctest */ = {isa = PBXFileReference; explicitFileType = wrapper.cfbundle; includeInIndex = 0; path = "Palette 3DTests.xctest"; sourceTree = BUILT_PRODUCTS_DIR; };
		1B4231092C89F30C001FD549 /* DisplayView.swift */ = {isa = PBXFileReference; lastKnownFileType = sourcecode.swift; path = DisplayView.swift; sourceTree = "<group>"; };
		1B42310D2C8BAE38001FD549 /* HelpView.swift */ = {isa = PBXFileReference; lastKnownFileType = sourcecode.swift; path = HelpView.swift; sourceTree = "<group>"; };
		1B42310F2C8BAFE9001FD549 /* Palette-3D-Info.plist */ = {isa = PBXFileReference; lastKnownFileType = text.plist; path = "Palette-3D-Info.plist"; sourceTree = "<group>"; };
		351A162028AA868F0047AA76 /* Palette3DApp.swift */ = {isa = PBXFileReference; lastKnownFileType = sourcecode.swift; path = Palette3DApp.swift; sourceTree = "<group>"; };
		351A162128AA868F0047AA76 /* ParametersView.swift */ = {isa = PBXFileReference; lastKnownFileType = sourcecode.swift; path = ParametersView.swift; sourceTree = "<group>"; };
		351A162228AA86900047AA76 /* Assets.xcassets */ = {isa = PBXFileReference; lastKnownFileType = folder.assetcatalog; path = Assets.xcassets; sourceTree = "<group>"; };
		351A162728AA86900047AA76 /* Palette 3D.app */ = {isa = PBXFileReference; explicitFileType = wrapper.application; includeInIndex = 0; path = "Palette 3D.app"; sourceTree = BUILT_PRODUCTS_DIR; };
		351A162F28AA86900047AA76 /* macOS.entitlements */ = {isa = PBXFileReference; lastKnownFileType = text.plist.entitlements; path = macOS.entitlements; sourceTree = "<group>"; };
		351A163E28AA86D60047AA76 /* PaletteColor.swift */ = {isa = PBXFileReference; lastKnownFileType = sourcecode.swift; path = PaletteColor.swift; sourceTree = "<group>"; };
		351A164828AB2A890047AA76 /* PaletteGenerator.swift */ = {isa = PBXFileReference; lastKnownFileType = sourcecode.swift; path = PaletteGenerator.swift; sourceTree = "<group>"; };
/* End PBXFileReference section */

/* Begin PBXFileSystemSynchronizedRootGroup section */
		1B4231012C896DAD001FD549 /* PaletteTests */ = {
			isa = PBXFileSystemSynchronizedRootGroup;
			path = PaletteTests;
			sourceTree = "<group>";
		};
/* End PBXFileSystemSynchronizedRootGroup section */

/* Begin PBXFrameworksBuildPhase section */
		1B4230FD2C896DAD001FD549 /* Frameworks */ = {
			isa = PBXFrameworksBuildPhase;
			buildActionMask = 2147483647;
			files = (
			);
			runOnlyForDeploymentPostprocessing = 0;
		};
		351A162428AA86900047AA76 /* Frameworks */ = {
			isa = PBXFrameworksBuildPhase;
			buildActionMask = 2147483647;
			files = (
				1B4230FB2C89558A001FD549 /* ChromaKit in Frameworks */,
			);
			runOnlyForDeploymentPostprocessing = 0;
		};
/* End PBXFrameworksBuildPhase section */

/* Begin PBXGroup section */
		351A161A28AA868F0047AA76 = {
			isa = PBXGroup;
			children = (
				1B42310F2C8BAFE9001FD549 /* Palette-3D-Info.plist */,
				351A161F28AA868F0047AA76 /* Shared */,
				351A162E28AA86900047AA76 /* macOS */,
				1B4231012C896DAD001FD549 /* PaletteTests */,
				351A162828AA86900047AA76 /* Products */,
			);
			sourceTree = "<group>";
		};
		351A161F28AA868F0047AA76 /* Shared */ = {
			isa = PBXGroup;
			children = (
				351A162028AA868F0047AA76 /* Palette3DApp.swift */,
				1B4231092C89F30C001FD549 /* DisplayView.swift */,
				1B42310D2C8BAE38001FD549 /* HelpView.swift */,
				351A162128AA868F0047AA76 /* ParametersView.swift */,
				351A163E28AA86D60047AA76 /* PaletteColor.swift */,
				351A164828AB2A890047AA76 /* PaletteGenerator.swift */,
				351A162228AA86900047AA76 /* Assets.xcassets */,
			);
			path = Shared;
			sourceTree = "<group>";
		};
		351A162828AA86900047AA76 /* Products */ = {
			isa = PBXGroup;
			children = (
				351A162728AA86900047AA76 /* Palette 3D.app */,
				1B4231002C896DAD001FD549 /* Palette 3DTests.xctest */,
			);
			name = Products;
			sourceTree = "<group>";
		};
		351A162E28AA86900047AA76 /* macOS */ = {
			isa = PBXGroup;
			children = (
				351A162F28AA86900047AA76 /* macOS.entitlements */,
			);
			path = macOS;
			sourceTree = "<group>";
		};
/* End PBXGroup section */

/* Begin PBXNativeTarget section */
		1B4230FF2C896DAD001FD549 /* Palette 3DTests */ = {
			isa = PBXNativeTarget;
			buildConfigurationList = 1B4231062C896DAD001FD549 /* Build configuration list for PBXNativeTarget "Palette 3DTests" */;
			buildPhases = (
				1B4230FC2C896DAD001FD549 /* Sources */,
				1B4230FD2C896DAD001FD549 /* Frameworks */,
				1B4230FE2C896DAD001FD549 /* Resources */,
			);
			buildRules = (
			);
			dependencies = (
				1B4231052C896DAD001FD549 /* PBXTargetDependency */,
			);
			fileSystemSynchronizedGroups = (
				1B4231012C896DAD001FD549 /* PaletteTests */,
			);
			name = "Palette 3DTests";
			packageProductDependencies = (
			);
			productName = PaletteTests;
			productReference = 1B4231002C896DAD001FD549 /* Palette 3DTests.xctest */;
			productType = "com.apple.product-type.bundle.unit-test";
		};
		351A162628AA86900047AA76 /* Palette 3D */ = {
			isa = PBXNativeTarget;
			buildConfigurationList = 351A163828AA86900047AA76 /* Build configuration list for PBXNativeTarget "Palette 3D" */;
			buildPhases = (
				351A162328AA86900047AA76 /* Sources */,
				351A162428AA86900047AA76 /* Frameworks */,
				351A162528AA86900047AA76 /* Resources */,
			);
			buildRules = (
			);
			dependencies = (
			);
			name = "Palette 3D";
			productName = "Palette (iOS)";
			productReference = 351A162728AA86900047AA76 /* Palette 3D.app */;
			productType = "com.apple.product-type.application";
		};
/* End PBXNativeTarget section */

/* Begin PBXProject section */
		351A161B28AA868F0047AA76 /* Project object */ = {
			isa = PBXProject;
			attributes = {
				BuildIndependentTargetsInParallel = 1;
				LastSwiftUpdateCheck = 1600;
				LastUpgradeCheck = 1600;
				TargetAttributes = {
					1B4230FF2C896DAD001FD549 = {
						CreatedOnToolsVersion = 16.0;
						TestTargetID = 351A162628AA86900047AA76;
					};
					351A162628AA86900047AA76 = {
						CreatedOnToolsVersion = 13.4.1;
					};
				};
			};
			buildConfigurationList = 351A161E28AA868F0047AA76 /* Build configuration list for PBXProject "Palette 3D" */;
			developmentRegion = en;
			hasScannedForEncodings = 0;
			knownRegions = (
				en,
				Base,
			);
			mainGroup = 351A161A28AA868F0047AA76;
			packageReferences = (
				1B4230F92C89558A001FD549 /* XCRemoteSwiftPackageReference "ChromaKit" */,
			);
			preferredProjectObjectVersion = 77;
			productRefGroup = 351A162828AA86900047AA76 /* Products */;
			projectDirPath = "";
			projectRoot = "";
			targets = (
				351A162628AA86900047AA76 /* Palette 3D */,
				1B4230FF2C896DAD001FD549 /* Palette 3DTests */,
			);
		};
/* End PBXProject section */

/* Begin PBXResourcesBuildPhase section */
		1B4230FE2C896DAD001FD549 /* Resources */ = {
			isa = PBXResourcesBuildPhase;
			buildActionMask = 2147483647;
			files = (
			);
			runOnlyForDeploymentPostprocessing = 0;
		};
		351A162528AA86900047AA76 /* Resources */ = {
			isa = PBXResourcesBuildPhase;
			buildActionMask = 2147483647;
			files = (
				351A163428AA86900047AA76 /* Assets.xcassets in Resources */,
			);
			runOnlyForDeploymentPostprocessing = 0;
		};
/* End PBXResourcesBuildPhase section */

/* Begin PBXSourcesBuildPhase section */
		1B4230FC2C896DAD001FD549 /* Sources */ = {
			isa = PBXSourcesBuildPhase;
			buildActionMask = 2147483647;
			files = (
			);
			runOnlyForDeploymentPostprocessing = 0;
		};
		351A162328AA86900047AA76 /* Sources */ = {
			isa = PBXSourcesBuildPhase;
			buildActionMask = 2147483647;
			files = (
				351A163228AA86900047AA76 /* ParametersView.swift in Sources */,
				1B42310E2C8BAE3B001FD549 /* HelpView.swift in Sources */,
				351A164928AB2A890047AA76 /* PaletteGenerator.swift in Sources */,
				351A163028AA86900047AA76 /* Palette3DApp.swift in Sources */,
				1B42310A2C89F315001FD549 /* DisplayView.swift in Sources */,
				351A163F28AA86D60047AA76 /* PaletteColor.swift in Sources */,
			);
			runOnlyForDeploymentPostprocessing = 0;
		};
/* End PBXSourcesBuildPhase section */

/* Begin PBXTargetDependency section */
		1B4231052C896DAD001FD549 /* PBXTargetDependency */ = {
			isa = PBXTargetDependency;
			target = 351A162628AA86900047AA76 /* Palette 3D */;
			targetProxy = 1B4231042C896DAD001FD549 /* PBXContainerItemProxy */;
		};
/* End PBXTargetDependency section */

/* Begin XCBuildConfiguration section */
		1B4231072C896DAD001FD549 /* Debug */ = {
			isa = XCBuildConfiguration;
			buildSettings = {
				ASSETCATALOG_COMPILER_GENERATE_SWIFT_ASSET_SYMBOL_EXTENSIONS = YES;
				BUNDLE_LOADER = "$(TEST_HOST)";
				CLANG_CXX_LANGUAGE_STANDARD = "gnu++20";
				CODE_SIGN_STYLE = Automatic;
				CURRENT_PROJECT_VERSION = 1;
				DEAD_CODE_STRIPPING = YES;
				DEVELOPMENT_TEAM = VA3SY54YU8;
				ENABLE_USER_SCRIPT_SANDBOXING = YES;
				GCC_C_LANGUAGE_STANDARD = gnu17;
				GENERATE_INFOPLIST_FILE = YES;
				IPHONEOS_DEPLOYMENT_TARGET = 18.0;
				LOCALIZATION_PREFERS_STRING_CATALOGS = YES;
				MACOSX_DEPLOYMENT_TARGET = 15.0;
				MARKETING_VERSION = 1.0;
				PRODUCT_BUNDLE_IDENTIFIER = com.256arts.PaletteTests;
				PRODUCT_NAME = "$(TARGET_NAME)";
				SDKROOT = auto;
				SUPPORTED_PLATFORMS = "iphoneos iphonesimulator macosx xros xrsimulator";
				SWIFT_ACTIVE_COMPILATION_CONDITIONS = "DEBUG $(inherited)";
				SWIFT_EMIT_LOC_STRINGS = NO;
				SWIFT_VERSION = 5.0;
				TARGETED_DEVICE_FAMILY = "1,2,7";
				TEST_HOST = "$(BUILT_PRODUCTS_DIR)/Palette 3D.app/$(BUNDLE_EXECUTABLE_FOLDER_PATH)/Palette 3D";
				XROS_DEPLOYMENT_TARGET = 2.0;
			};
			name = Debug;
		};
		1B4231082C896DAD001FD549 /* Release */ = {
			isa = XCBuildConfiguration;
			buildSettings = {
				ASSETCATALOG_COMPILER_GENERATE_SWIFT_ASSET_SYMBOL_EXTENSIONS = YES;
				BUNDLE_LOADER = "$(TEST_HOST)";
				CLANG_CXX_LANGUAGE_STANDARD = "gnu++20";
				CODE_SIGN_STYLE = Automatic;
				CURRENT_PROJECT_VERSION = 1;
				DEAD_CODE_STRIPPING = YES;
				DEVELOPMENT_TEAM = VA3SY54YU8;
				ENABLE_USER_SCRIPT_SANDBOXING = YES;
				GCC_C_LANGUAGE_STANDARD = gnu17;
				GENERATE_INFOPLIST_FILE = YES;
				IPHONEOS_DEPLOYMENT_TARGET = 18.0;
				LOCALIZATION_PREFERS_STRING_CATALOGS = YES;
				MACOSX_DEPLOYMENT_TARGET = 15.0;
				MARKETING_VERSION = 1.0;
				PRODUCT_BUNDLE_IDENTIFIER = com.256arts.PaletteTests;
				PRODUCT_NAME = "$(TARGET_NAME)";
				SDKROOT = auto;
				SUPPORTED_PLATFORMS = "iphoneos iphonesimulator macosx xros xrsimulator";
				SWIFT_EMIT_LOC_STRINGS = NO;
				SWIFT_VERSION = 5.0;
				TARGETED_DEVICE_FAMILY = "1,2,7";
				TEST_HOST = "$(BUILT_PRODUCTS_DIR)/Palette 3D.app/$(BUNDLE_EXECUTABLE_FOLDER_PATH)/Palette 3D";
				XROS_DEPLOYMENT_TARGET = 2.0;
			};
			name = Release;
		};
		351A163628AA86900047AA76 /* Debug */ = {
			isa = XCBuildConfiguration;
			buildSettings = {
				ALWAYS_SEARCH_USER_PATHS = NO;
				CLANG_ANALYZER_NONNULL = YES;
				CLANG_ANALYZER_NUMBER_OBJECT_CONVERSION = YES_AGGRESSIVE;
				CLANG_CXX_LANGUAGE_STANDARD = "gnu++17";
				CLANG_ENABLE_MODULES = YES;
				CLANG_ENABLE_OBJC_ARC = YES;
				CLANG_ENABLE_OBJC_WEAK = YES;
				CLANG_WARN_BLOCK_CAPTURE_AUTORELEASING = YES;
				CLANG_WARN_BOOL_CONVERSION = YES;
				CLANG_WARN_COMMA = YES;
				CLANG_WARN_CONSTANT_CONVERSION = YES;
				CLANG_WARN_DEPRECATED_OBJC_IMPLEMENTATIONS = YES;
				CLANG_WARN_DIRECT_OBJC_ISA_USAGE = YES_ERROR;
				CLANG_WARN_DOCUMENTATION_COMMENTS = YES;
				CLANG_WARN_EMPTY_BODY = YES;
				CLANG_WARN_ENUM_CONVERSION = YES;
				CLANG_WARN_INFINITE_RECURSION = YES;
				CLANG_WARN_INT_CONVERSION = YES;
				CLANG_WARN_NON_LITERAL_NULL_CONVERSION = YES;
				CLANG_WARN_OBJC_IMPLICIT_RETAIN_SELF = YES;
				CLANG_WARN_OBJC_LITERAL_CONVERSION = YES;
				CLANG_WARN_OBJC_ROOT_CLASS = YES_ERROR;
				CLANG_WARN_QUOTED_INCLUDE_IN_FRAMEWORK_HEADER = YES;
				CLANG_WARN_RANGE_LOOP_ANALYSIS = YES;
				CLANG_WARN_STRICT_PROTOTYPES = YES;
				CLANG_WARN_SUSPICIOUS_MOVE = YES;
				CLANG_WARN_UNGUARDED_AVAILABILITY = YES_AGGRESSIVE;
				CLANG_WARN_UNREACHABLE_CODE = YES;
				CLANG_WARN__DUPLICATE_METHOD_MATCH = YES;
				COPY_PHASE_STRIP = NO;
				DEAD_CODE_STRIPPING = YES;
				DEBUG_INFORMATION_FORMAT = dwarf;
				ENABLE_STRICT_OBJC_MSGSEND = YES;
				ENABLE_TESTABILITY = YES;
				GCC_C_LANGUAGE_STANDARD = gnu11;
				GCC_DYNAMIC_NO_PIC = NO;
				GCC_NO_COMMON_BLOCKS = YES;
				GCC_OPTIMIZATION_LEVEL = 0;
				GCC_PREPROCESSOR_DEFINITIONS = (
					"DEBUG=1",
					"$(inherited)",
				);
				GCC_WARN_64_TO_32_BIT_CONVERSION = YES;
				GCC_WARN_ABOUT_RETURN_TYPE = YES_ERROR;
				GCC_WARN_UNDECLARED_SELECTOR = YES;
				GCC_WARN_UNINITIALIZED_AUTOS = YES_AGGRESSIVE;
				GCC_WARN_UNUSED_FUNCTION = YES;
				GCC_WARN_UNUSED_VARIABLE = YES;
				IPHONEOS_DEPLOYMENT_TARGET = 17.0;
				MACOSX_DEPLOYMENT_TARGET = 14.0;
				MTL_ENABLE_DEBUG_INFO = INCLUDE_SOURCE;
				MTL_FAST_MATH = YES;
				ONLY_ACTIVE_ARCH = YES;
				SWIFT_ACTIVE_COMPILATION_CONDITIONS = DEBUG;
				SWIFT_OPTIMIZATION_LEVEL = "-Onone";
			};
			name = Debug;
		};
		351A163728AA86900047AA76 /* Release */ = {
			isa = XCBuildConfiguration;
			buildSettings = {
				ALWAYS_SEARCH_USER_PATHS = NO;
				CLANG_ANALYZER_NONNULL = YES;
				CLANG_ANALYZER_NUMBER_OBJECT_CONVERSION = YES_AGGRESSIVE;
				CLANG_CXX_LANGUAGE_STANDARD = "gnu++17";
				CLANG_ENABLE_MODULES = YES;
				CLANG_ENABLE_OBJC_ARC = YES;
				CLANG_ENABLE_OBJC_WEAK = YES;
				CLANG_WARN_BLOCK_CAPTURE_AUTORELEASING = YES;
				CLANG_WARN_BOOL_CONVERSION = YES;
				CLANG_WARN_COMMA = YES;
				CLANG_WARN_CONSTANT_CONVERSION = YES;
				CLANG_WARN_DEPRECATED_OBJC_IMPLEMENTATIONS = YES;
				CLANG_WARN_DIRECT_OBJC_ISA_USAGE = YES_ERROR;
				CLANG_WARN_DOCUMENTATION_COMMENTS = YES;
				CLANG_WARN_EMPTY_BODY = YES;
				CLANG_WARN_ENUM_CONVERSION = YES;
				CLANG_WARN_INFINITE_RECURSION = YES;
				CLANG_WARN_INT_CONVERSION = YES;
				CLANG_WARN_NON_LITERAL_NULL_CONVERSION = YES;
				CLANG_WARN_OBJC_IMPLICIT_RETAIN_SELF = YES;
				CLANG_WARN_OBJC_LITERAL_CONVERSION = YES;
				CLANG_WARN_OBJC_ROOT_CLASS = YES_ERROR;
				CLANG_WARN_QUOTED_INCLUDE_IN_FRAMEWORK_HEADER = YES;
				CLANG_WARN_RANGE_LOOP_ANALYSIS = YES;
				CLANG_WARN_STRICT_PROTOTYPES = YES;
				CLANG_WARN_SUSPICIOUS_MOVE = YES;
				CLANG_WARN_UNGUARDED_AVAILABILITY = YES_AGGRESSIVE;
				CLANG_WARN_UNREACHABLE_CODE = YES;
				CLANG_WARN__DUPLICATE_METHOD_MATCH = YES;
				COPY_PHASE_STRIP = NO;
				DEAD_CODE_STRIPPING = YES;
				DEBUG_INFORMATION_FORMAT = "dwarf-with-dsym";
				ENABLE_NS_ASSERTIONS = NO;
				ENABLE_STRICT_OBJC_MSGSEND = YES;
				GCC_C_LANGUAGE_STANDARD = gnu11;
				GCC_NO_COMMON_BLOCKS = YES;
				GCC_WARN_64_TO_32_BIT_CONVERSION = YES;
				GCC_WARN_ABOUT_RETURN_TYPE = YES_ERROR;
				GCC_WARN_UNDECLARED_SELECTOR = YES;
				GCC_WARN_UNINITIALIZED_AUTOS = YES_AGGRESSIVE;
				GCC_WARN_UNUSED_FUNCTION = YES;
				GCC_WARN_UNUSED_VARIABLE = YES;
				IPHONEOS_DEPLOYMENT_TARGET = 17.0;
				MACOSX_DEPLOYMENT_TARGET = 14.0;
				MTL_ENABLE_DEBUG_INFO = NO;
				MTL_FAST_MATH = YES;
				SWIFT_COMPILATION_MODE = wholemodule;
				SWIFT_OPTIMIZATION_LEVEL = "-O";
			};
			name = Release;
		};
		351A163928AA86900047AA76 /* Debug */ = {
			isa = XCBuildConfiguration;
			buildSettings = {
				ASSETCATALOG_COMPILER_APPICON_NAME = AppIcon;
				ASSETCATALOG_COMPILER_GLOBAL_ACCENT_COLOR_NAME = AccentColor;
				CODE_SIGN_STYLE = Automatic;
				CURRENT_PROJECT_VERSION = 1;
				DEVELOPMENT_TEAM = VA3SY54YU8;
				ENABLE_PREVIEWS = YES;
				GENERATE_INFOPLIST_FILE = YES;
				INFOPLIST_FILE = "Palette-3D-Info.plist";
				INFOPLIST_KEY_LSApplicationCategoryType = "public.app-category.graphics-design";
				INFOPLIST_KEY_UIApplicationSceneManifest_Generation = YES;
				INFOPLIST_KEY_UIApplicationSupportsIndirectInputEvents = YES;
				INFOPLIST_KEY_UISupportedInterfaceOrientations_iPad = "UIInterfaceOrientationPortrait UIInterfaceOrientationPortraitUpsideDown UIInterfaceOrientationLandscapeLeft UIInterfaceOrientationLandscapeRight";
				INFOPLIST_KEY_UISupportedInterfaceOrientations_iPhone = "UIInterfaceOrientationPortrait UIInterfaceOrientationLandscapeLeft UIInterfaceOrientationLandscapeRight";
				IPHONEOS_DEPLOYMENT_TARGET = 18.0;
				LD_RUNPATH_SEARCH_PATHS = (
					"$(inherited)",
					"@executable_path/Frameworks",
				);
				MACOSX_DEPLOYMENT_TARGET = 15.0;
				MARKETING_VERSION = 1.0;
				PRODUCT_BUNDLE_IDENTIFIER = com.jaydenirwin.palette3d;
				PRODUCT_NAME = "Palette 3D";
				SDKROOT = iphoneos;
				SUPPORTED_PLATFORMS = "iphoneos iphonesimulator macosx xros xrsimulator";
				SUPPORTS_MACCATALYST = NO;
				SUPPORTS_MAC_DESIGNED_FOR_IPHONE_IPAD = NO;
				SUPPORTS_XR_DESIGNED_FOR_IPHONE_IPAD = NO;
				SWIFT_EMIT_LOC_STRINGS = YES;
				SWIFT_VERSION = 6.0;
				TARGETED_DEVICE_FAMILY = "1,2,7";
				XROS_DEPLOYMENT_TARGET = 2.0;
			};
			name = Debug;
		};
		351A163A28AA86900047AA76 /* Release */ = {
			isa = XCBuildConfiguration;
			buildSettings = {
				ASSETCATALOG_COMPILER_APPICON_NAME = AppIcon;
				ASSETCATALOG_COMPILER_GLOBAL_ACCENT_COLOR_NAME = AccentColor;
				CODE_SIGN_STYLE = Automatic;
				CURRENT_PROJECT_VERSION = 1;
				DEVELOPMENT_TEAM = VA3SY54YU8;
				ENABLE_PREVIEWS = YES;
				GENERATE_INFOPLIST_FILE = YES;
				INFOPLIST_FILE = "Palette-3D-Info.plist";
				INFOPLIST_KEY_LSApplicationCategoryType = "public.app-category.graphics-design";
				INFOPLIST_KEY_UIApplicationSceneManifest_Generation = YES;
				INFOPLIST_KEY_UIApplicationSupportsIndirectInputEvents = YES;
				INFOPLIST_KEY_UISupportedInterfaceOrientations_iPad = "UIInterfaceOrientationPortrait UIInterfaceOrientationPortraitUpsideDown UIInterfaceOrientationLandscapeLeft UIInterfaceOrientationLandscapeRight";
				INFOPLIST_KEY_UISupportedInterfaceOrientations_iPhone = "UIInterfaceOrientationPortrait UIInterfaceOrientationLandscapeLeft UIInterfaceOrientationLandscapeRight";
				IPHONEOS_DEPLOYMENT_TARGET = 18.0;
				LD_RUNPATH_SEARCH_PATHS = (
					"$(inherited)",
					"@executable_path/Frameworks",
				);
				MACOSX_DEPLOYMENT_TARGET = 15.0;
				MARKETING_VERSION = 1.0;
				PRODUCT_BUNDLE_IDENTIFIER = com.jaydenirwin.palette3d;
				PRODUCT_NAME = "Palette 3D";
				SDKROOT = iphoneos;
				SUPPORTED_PLATFORMS = "iphoneos iphonesimulator macosx xros xrsimulator";
				SUPPORTS_MACCATALYST = NO;
				SUPPORTS_MAC_DESIGNED_FOR_IPHONE_IPAD = NO;
				SUPPORTS_XR_DESIGNED_FOR_IPHONE_IPAD = NO;
				SWIFT_EMIT_LOC_STRINGS = YES;
				SWIFT_VERSION = 6.0;
				TARGETED_DEVICE_FAMILY = "1,2,7";
				VALIDATE_PRODUCT = YES;
				XROS_DEPLOYMENT_TARGET = 2.0;
			};
			name = Release;
		};
/* End XCBuildConfiguration section */

/* Begin XCConfigurationList section */
		1B4231062C896DAD001FD549 /* Build configuration list for PBXNativeTarget "Palette 3DTests" */ = {
			isa = XCConfigurationList;
			buildConfigurations = (
				1B4231072C896DAD001FD549 /* Debug */,
				1B4231082C896DAD001FD549 /* Release */,
			);
			defaultConfigurationIsVisible = 0;
			defaultConfigurationName = Release;
		};
		351A161E28AA868F0047AA76 /* Build configuration list for PBXProject "Palette 3D" */ = {
			isa = XCConfigurationList;
			buildConfigurations = (
				351A163628AA86900047AA76 /* Debug */,
				351A163728AA86900047AA76 /* Release */,
			);
			defaultConfigurationIsVisible = 0;
			defaultConfigurationName = Release;
		};
		351A163828AA86900047AA76 /* Build configuration list for PBXNativeTarget "Palette 3D" */ = {
			isa = XCConfigurationList;
			buildConfigurations = (
				351A163928AA86900047AA76 /* Debug */,
				351A163A28AA86900047AA76 /* Release */,
			);
			defaultConfigurationIsVisible = 0;
			defaultConfigurationName = Release;
		};
/* End XCConfigurationList section */

/* Begin XCRemoteSwiftPackageReference section */
		1B4230F92C89558A001FD549 /* XCRemoteSwiftPackageReference "ChromaKit" */ = {
			isa = XCRemoteSwiftPackageReference;
			repositoryURL = "https://github.com/HarshilShah/ChromaKit";
			requirement = {
				kind = upToNextMajorVersion;
				minimumVersion = 0.1.0;
			};
		};
/* End XCRemoteSwiftPackageReference section */

/* Begin XCSwiftPackageProductDependency section */
		1B4230FA2C89558A001FD549 /* ChromaKit */ = {
			isa = XCSwiftPackageProductDependency;
			package = 1B4230F92C89558A001FD549 /* XCRemoteSwiftPackageReference "ChromaKit" */;
			productName = ChromaKit;
		};
/* End XCSwiftPackageProductDependency section */
	};
	rootObject = 351A161B28AA868F0047AA76 /* Project object */;
}
